
Microsoft Visual Studio Solution File, Format Version 12.00
# Visual Studio Version 17
VisualStudioVersion = 17.7.34003.232
MinimumVisualStudioVersion = 10.0.40219.1
Project("{FAE04EC0-301F-11D3-BF4B-00C04F79EFBC}") = "TahskrApiClient", "TahskrApiClient\TahskrApiClient.csproj", "{7F92F405-B817-4FC4-8DD0-B3A45D71BF1F}"
EndProject
Project("{9A19103F-16F7-4668-BE54-9A1E7A4F7556}") = "ClientTestConsole", "ClientTestConsole\ClientTestConsole.csproj", "{C1948862-FD82-40F5-9990-193D9DB10D6F}"
EndProject
Project("{FAE04EC0-301F-11D3-BF4B-00C04F79EFBC}") = "TahskrPlugins", "TahskrPlugins\TahskrPlugins.csproj", "{19EF17EF-E92C-4289-AE22-7540002B63D8}"
EndProject
Global
	GlobalSection(SolutionConfigurationPlatforms) = preSolution
		Debug|Any CPU = Debug|Any CPU
		Release|Any CPU = Release|Any CPU
	EndGlobalSection
	GlobalSection(ProjectConfigurationPlatforms) = postSolution
		{7F92F405-B817-4FC4-8DD0-B3A45D71BF1F}.Debug|Any CPU.ActiveCfg = Debug|Any CPU
		{7F92F405-B817-4FC4-8DD0-B3A45D71BF1F}.Debug|Any CPU.Build.0 = Debug|Any CPU
		{7F92F405-B817-4FC4-8DD0-B3A45D71BF1F}.Release|Any CPU.ActiveCfg = Release|Any CPU
		{7F92F405-B817-4FC4-8DD0-B3A45D71BF1F}.Release|Any CPU.Build.0 = Release|Any CPU
		{C1948862-FD82-40F5-9990-193D9DB10D6F}.Debug|Any CPU.ActiveCfg = Debug|Any CPU
		{C1948862-FD82-40F5-9990-193D9DB10D6F}.Debug|Any CPU.Build.0 = Debug|Any CPU
		{C1948862-FD82-40F5-9990-193D9DB10D6F}.Release|Any CPU.ActiveCfg = Release|Any CPU
		{C1948862-FD82-40F5-9990-193D9DB10D6F}.Release|Any CPU.Build.0 = Release|Any CPU
		{19EF17EF-E92C-4289-AE22-7540002B63D8}.Debug|Any CPU.ActiveCfg = Debug|Any CPU
		{19EF17EF-E92C-4289-AE22-7540002B63D8}.Debug|Any CPU.Build.0 = Debug|Any CPU
		{19EF17EF-E92C-4289-AE22-7540002B63D8}.Release|Any CPU.ActiveCfg = Release|Any CPU
		{19EF17EF-E92C-4289-AE22-7540002B63D8}.Release|Any CPU.Build.0 = Release|Any CPU
	EndGlobalSection
	GlobalSection(SolutionProperties) = preSolution
		HideSolutionNode = FALSE
	EndGlobalSection
	GlobalSection(ExtensibilityGlobals) = postSolution
		SolutionGuid = {5472AE20-4978-4C5F-8EA0-954AAF80EFED}
	EndGlobalSection
EndGlobal
