
Microsoft Visual Studio Solution File, Format Version 12.00
# Visual Studio Version 17
VisualStudioVersion = 17.7.34003.232
MinimumVisualStudioVersion = 10.0.40219.1
Project("{FAE04EC0-301F-11D3-BF4B-00C04F79EFBC}") = "TahskrApiClient", "TahskrApiClient\TahskrApiClient.csproj", "{7F92F405-B817-4FC4-8DD0-B3A45D71BF1F}"
EndProject
Global
	GlobalSection(SolutionConfigurationPlatforms) = preSolution
		Debug|Any CPU = Debug|Any CPU
		Release|Any CPU = Release|Any CPU
	EndGlobalSection
	GlobalSection(ProjectConfigurationPlatforms) = postSolution
		{7F92F405-B817-4FC4-8DD0-B3A45D71BF1F}.Debug|Any CPU.ActiveCfg = Debug|Any CPU
		{7F92F405-B817-4FC4-8DD0-B3A45D71BF1F}.Debug|Any CPU.Build.0 = Debug|Any CPU
		{7F92F405-B817-4FC4-8DD0-B3A45D71BF1F}.Release|Any CPU.ActiveCfg = Release|Any CPU
		{7F92F405-B817-4FC4-8DD0-B3A45D71BF1F}.Release|Any CPU.Build.0 = Release|Any CPU
	EndGlobalSection
	GlobalSection(SolutionProperties) = preSolution
		HideSolutionNode = FALSE
	EndGlobalSection
	GlobalSection(ExtensibilityGlobals) = postSolution
		SolutionGuid = {5472AE20-4978-4C5F-8EA0-954AAF80EFED}
	EndGlobalSection
EndGlobal
